// !$*UTF8*$!
{
	archiveVersion = 1;
	classes = {
	};
	objectVersion = 51;
	objects = {

/* Begin PBXBuildFile section */
		B20BCCDCCFABC3C6C34C0C8C /* Pods_ios.framework in Frameworks */ = {isa = PBXBuildFile; fileRef = EBFC1B75E2DF73CFA0D0DAA7 /* Pods_ios.framework */; };
		BD75ABD82301B5F600E0FC7A /* NoticePopUp.swift in Sources */ = {isa = PBXBuildFile; fileRef = BD75ABD72301B5F600E0FC7A /* NoticePopUp.swift */; };
		BD75ABDA2301B73400E0FC7A /* NoticePopUpDelegate.swift in Sources */ = {isa = PBXBuildFile; fileRef = BD75ABD92301B73400E0FC7A /* NoticePopUpDelegate.swift */; };
		BD75ABDC2301B7B500E0FC7A /* NoticePopUp.storyboard in Resources */ = {isa = PBXBuildFile; fileRef = BD75ABDB2301B7B500E0FC7A /* NoticePopUp.storyboard */; };
		BD75ABDE2301BCE600E0FC7A /* MainDataManager.swift in Sources */ = {isa = PBXBuildFile; fileRef = BD75ABDD2301BCE600E0FC7A /* MainDataManager.swift */; };
		BD75ABE02301BE8200E0FC7A /* TutorialResponse.swift in Sources */ = {isa = PBXBuildFile; fileRef = BD75ABDF2301BE8200E0FC7A /* TutorialResponse.swift */; };
		BD9BF17322F9C3D5009E47EB /* BaseViewController.swift in Sources */ = {isa = PBXBuildFile; fileRef = BD9BF17222F9C3D5009E47EB /* BaseViewController.swift */; };
		BD9BF17522F9C494009E47EB /* CusomIndicatorView.swift in Sources */ = {isa = PBXBuildFile; fileRef = BD9BF17422F9C494009E47EB /* CusomIndicatorView.swift */; };
		BD9BF17822F9C6CF009E47EB /* UIColor.swift in Sources */ = {isa = PBXBuildFile; fileRef = BD9BF17722F9C6CF009E47EB /* UIColor.swift */; };
		BD9BF17A22F9C6FF009E47EB /* UIButton.swift in Sources */ = {isa = PBXBuildFile; fileRef = BD9BF17922F9C6FF009E47EB /* UIButton.swift */; };
		BD9BF17C22F9C737009E47EB /* UIViewController.swift in Sources */ = {isa = PBXBuildFile; fileRef = BD9BF17B22F9C737009E47EB /* UIViewController.swift */; };
		BD9BF17E22F9CD60009E47EB /* ColorPalette.swift in Sources */ = {isa = PBXBuildFile; fileRef = BD9BF17D22F9CD60009E47EB /* ColorPalette.swift */; };
		BD9BF18022F9CDEF009E47EB /* String.swift in Sources */ = {isa = PBXBuildFile; fileRef = BD9BF17F22F9CDEF009E47EB /* String.swift */; };
		BD9BF18322F9D1A4009E47EB /* loginViewController.swift in Sources */ = {isa = PBXBuildFile; fileRef = BD9BF18122F9D1A4009E47EB /* loginViewController.swift */; };
		BD9BF18422F9D1A4009E47EB /* loginViewController.xib in Resources */ = {isa = PBXBuildFile; fileRef = BD9BF18222F9D1A4009E47EB /* loginViewController.xib */; };
		BD9BF18722F9DCC7009E47EB /* MainViewController.swift in Sources */ = {isa = PBXBuildFile; fileRef = BD9BF18522F9DCC7009E47EB /* MainViewController.swift */; };
		BD9BF18822F9DCC7009E47EB /* MainViewController.xib in Resources */ = {isa = PBXBuildFile; fileRef = BD9BF18622F9DCC7009E47EB /* MainViewController.xib */; };
		BDEF322F22F9B7CB00FEF8BD /* AppDelegate.swift in Sources */ = {isa = PBXBuildFile; fileRef = BDEF322E22F9B7CB00FEF8BD /* AppDelegate.swift */; };
		BDEF323722F9B7CB00FEF8BD /* ios.xcdatamodeld in Sources */ = {isa = PBXBuildFile; fileRef = BDEF323522F9B7CB00FEF8BD /* ios.xcdatamodeld */; };
		BDEF323922F9B7CB00FEF8BD /* Assets.xcassets in Resources */ = {isa = PBXBuildFile; fileRef = BDEF323822F9B7CB00FEF8BD /* Assets.xcassets */; };
		BDEF323C22F9B7CB00FEF8BD /* LaunchScreen.storyboard in Resources */ = {isa = PBXBuildFile; fileRef = BDEF323A22F9B7CB00FEF8BD /* LaunchScreen.storyboard */; };
		FF88822F248627D700434F6E /* ViewController.swift in Sources */ = {isa = PBXBuildFile; fileRef = FF88822E248627D700434F6E /* ViewController.swift */; };
		FF88823224862A3E00434F6E /* barButtons.swift in Sources */ = {isa = PBXBuildFile; fileRef = FF88823124862A3E00434F6E /* barButtons.swift */; };
		FF8882362486317700434F6E /* collectViewController.swift in Sources */ = {isa = PBXBuildFile; fileRef = FF8882342486317700434F6E /* collectViewController.swift */; };
		FF8882372486317700434F6E /* collectViewController.xib in Resources */ = {isa = PBXBuildFile; fileRef = FF8882352486317700434F6E /* collectViewController.xib */; };
		FF88823A24863AB100434F6E /* adTableViewCell.swift in Sources */ = {isa = PBXBuildFile; fileRef = FF88823824863AB100434F6E /* adTableViewCell.swift */; };
		FF88823B24863AB100434F6E /* adTableViewCell.xib in Resources */ = {isa = PBXBuildFile; fileRef = FF88823924863AB100434F6E /* adTableViewCell.xib */; };
		FF88823D24863E3B00434F6E /* TabBarButtons.swift in Sources */ = {isa = PBXBuildFile; fileRef = FF88823C24863E3B00434F6E /* TabBarButtons.swift */; };
		FF8882462486447700434F6E /* categoryResponse.swift in Sources */ = {isa = PBXBuildFile; fileRef = FF8882452486447700434F6E /* categoryResponse.swift */; };
		FF8882482486448900434F6E /* categoryDataManager.swift in Sources */ = {isa = PBXBuildFile; fileRef = FF8882472486448900434F6E /* categoryDataManager.swift */; };
		FF88824D248648C300434F6E /* categoryViewController.swift in Sources */ = {isa = PBXBuildFile; fileRef = FF88824B248648C300434F6E /* categoryViewController.swift */; };
		FF88824E248648C300434F6E /* categoryViewController.xib in Resources */ = {isa = PBXBuildFile; fileRef = FF88824C248648C300434F6E /* categoryViewController.xib */; };
		FF889CB0248292A400CD72A6 /* detailHeartResponse.swift in Sources */ = {isa = PBXBuildFile; fileRef = FF889CAF248292A400CD72A6 /* detailHeartResponse.swift */; };
		FF889CB22482934700CD72A6 /* detailHeartDataManager.swift in Sources */ = {isa = PBXBuildFile; fileRef = FF889CB12482934700CD72A6 /* detailHeartDataManager.swift */; };
		FF889CB424829EFD00CD72A6 /* mainHeartDataManager.swift in Sources */ = {isa = PBXBuildFile; fileRef = FF889CB324829EFD00CD72A6 /* mainHeartDataManager.swift */; };
		FF8AE8552480C1EA003BC692 /* registerRespnse.swift in Sources */ = {isa = PBXBuildFile; fileRef = FF8AE8542480C1EA003BC692 /* registerRespnse.swift */; };
		FF8AE8572480C1FD003BC692 /* registerDataManager.swift in Sources */ = {isa = PBXBuildFile; fileRef = FF8AE8562480C1FD003BC692 /* registerDataManager.swift */; };
		FF8AE85C2480F510003BC692 /* detailViewController.swift in Sources */ = {isa = PBXBuildFile; fileRef = FF8AE85A2480F510003BC692 /* detailViewController.swift */; };
		FF8AE85D2480F510003BC692 /* detailViewController.xib in Resources */ = {isa = PBXBuildFile; fileRef = FF8AE85B2480F510003BC692 /* detailViewController.xib */; };
		FF8AE8612480FD5E003BC692 /* detailDataManager.swift in Sources */ = {isa = PBXBuildFile; fileRef = FF8AE8602480FD5E003BC692 /* detailDataManager.swift */; };
		FF8AE8632480FD89003BC692 /* detailResponse.swift in Sources */ = {isa = PBXBuildFile; fileRef = FF8AE8622480FD89003BC692 /* detailResponse.swift */; };
		FF8B7DB92483F88C00DE1B5B /* selectPopUp.swift in Sources */ = {isa = PBXBuildFile; fileRef = FF8B7DB82483F88C00DE1B5B /* selectPopUp.swift */; };
		FF8B7DBB2483F8A100DE1B5B /* selectPopUpDelegate.swift in Sources */ = {isa = PBXBuildFile; fileRef = FF8B7DBA2483F8A100DE1B5B /* selectPopUpDelegate.swift */; };
		FF8B7DBD2483F8B200DE1B5B /* selectPopUp.storyboard in Resources */ = {isa = PBXBuildFile; fileRef = FF8B7DBC2483F8B200DE1B5B /* selectPopUp.storyboard */; };
		FF8BBA102486771B009FF206 /* mainTabViewController.swift in Sources */ = {isa = PBXBuildFile; fileRef = FF8BBA0E2486771B009FF206 /* mainTabViewController.swift */; };
		FF8BBA112486771B009FF206 /* mainTabViewController.xib in Resources */ = {isa = PBXBuildFile; fileRef = FF8BBA0F2486771B009FF206 /* mainTabViewController.xib */; };
		FF8D7C7C247F85FB00A3E7C4 /* itemCollectionViewCell.swift in Sources */ = {isa = PBXBuildFile; fileRef = FF8D7C7A247F85FB00A3E7C4 /* itemCollectionViewCell.swift */; };
		FF8D7C7D247F85FB00A3E7C4 /* itemCollectionViewCell.xib in Resources */ = {isa = PBXBuildFile; fileRef = FF8D7C7B247F85FB00A3E7C4 /* itemCollectionViewCell.xib */; };
		FF8D7C81247FE64C00A3E7C4 /* tabBarConntroller.swift in Sources */ = {isa = PBXBuildFile; fileRef = FF8D7C7F247FE64C00A3E7C4 /* tabBarConntroller.swift */; };
		FF8D7C82247FE64C00A3E7C4 /* tabBarConntroller.xib in Resources */ = {isa = PBXBuildFile; fileRef = FF8D7C80247FE64C00A3E7C4 /* tabBarConntroller.xib */; };
		FF8D7C8424800A2400A3E7C4 /* floaTextField.swift in Sources */ = {isa = PBXBuildFile; fileRef = FF8D7C8324800A2400A3E7C4 /* floaTextField.swift */; };
		FF8D7C8824800F4E00A3E7C4 /* loginDataManager.swift in Sources */ = {isa = PBXBuildFile; fileRef = FF8D7C8724800F4E00A3E7C4 /* loginDataManager.swift */; };
		FF8D7C8A2480123200A3E7C4 /* UserResponse.swift in Sources */ = {isa = PBXBuildFile; fileRef = FF8D7C892480123200A3E7C4 /* UserResponse.swift */; };
		FF8D7C8E24802CC300A3E7C4 /* registerViewController.swift in Sources */ = {isa = PBXBuildFile; fileRef = FF8D7C8C24802CC300A3E7C4 /* registerViewController.swift */; };
		FF8D7C8F24802CC300A3E7C4 /* registerViewController.xib in Resources */ = {isa = PBXBuildFile; fileRef = FF8D7C8D24802CC300A3E7C4 /* registerViewController.xib */; };
		FF90A0CF2488C0BA0005FE17 /* myPageViewController.swift in Sources */ = {isa = PBXBuildFile; fileRef = FF90A0CD2488C0BA0005FE17 /* myPageViewController.swift */; };
		FF90A0D02488C0BA0005FE17 /* myPageViewController.xib in Resources */ = {isa = PBXBuildFile; fileRef = FF90A0CE2488C0BA0005FE17 /* myPageViewController.xib */; };
		FF90A0D42488E26E0005FE17 /* basketViewController.swift in Sources */ = {isa = PBXBuildFile; fileRef = FF90A0D22488E26E0005FE17 /* basketViewController.swift */; };
		FF90A0D52488E26E0005FE17 /* basketViewController.xib in Resources */ = {isa = PBXBuildFile; fileRef = FF90A0D32488E26E0005FE17 /* basketViewController.xib */; };
		FF90A0D92488F1040005FE17 /* basketListResponse.swift in Sources */ = {isa = PBXBuildFile; fileRef = FF90A0D82488F1040005FE17 /* basketListResponse.swift */; };
		FF90A0DC2488F3F40005FE17 /* basketListDataManager.swift in Sources */ = {isa = PBXBuildFile; fileRef = FF90A0DB2488F3F40005FE17 /* basketListDataManager.swift */; };
		FF90A0DF2488FC9B0005FE17 /* basketItemTableViewCell.swift in Sources */ = {isa = PBXBuildFile; fileRef = FF90A0DD2488FC9B0005FE17 /* basketItemTableViewCell.swift */; };
		FF90A0E02488FC9B0005FE17 /* basketItemTableViewCell.xib in Resources */ = {isa = PBXBuildFile; fileRef = FF90A0DE2488FC9B0005FE17 /* basketItemTableViewCell.xib */; };
		FF9144542484A30500C5B746 /* selectColorPopUp.swift in Sources */ = {isa = PBXBuildFile; fileRef = FF9144532484A30500C5B746 /* selectColorPopUp.swift */; };
		FF9144582484A5BA00C5B746 /* selectColorPopUp.storyboard in Resources */ = {isa = PBXBuildFile; fileRef = FF9144572484A5BA00C5B746 /* selectColorPopUp.storyboard */; };
		FF91445A2484A79500C5B746 /* selectColorPopUpDelegate.swift in Sources */ = {isa = PBXBuildFile; fileRef = FF9144592484A79500C5B746 /* selectColorPopUpDelegate.swift */; };
		FF91445C2484A8C000C5B746 /* selectSizePopUp.swift in Sources */ = {isa = PBXBuildFile; fileRef = FF91445B2484A8C000C5B746 /* selectSizePopUp.swift */; };
		FF9144602484A8D500C5B746 /* selectSizePopUp.storyboard in Resources */ = {isa = PBXBuildFile; fileRef = FF91445F2484A8D500C5B746 /* selectSizePopUp.storyboard */; };
		FF9144622484A97900C5B746 /* selectSizePopUpDelegate.swift in Sources */ = {isa = PBXBuildFile; fileRef = FF9144612484A97900C5B746 /* selectSizePopUpDelegate.swift */; };
		FF9144652484AFC600C5B746 /* selectColotDataManager.swift in Sources */ = {isa = PBXBuildFile; fileRef = FF9144642484AFC600C5B746 /* selectColotDataManager.swift */; };
		FF9144682484AFEB00C5B746 /* selectColorResponse.swift in Sources */ = {isa = PBXBuildFile; fileRef = FF9144672484AFEB00C5B746 /* selectColorResponse.swift */; };
		FF91446B2484B65300C5B746 /* selectSizeDataManager.swift in Sources */ = {isa = PBXBuildFile; fileRef = FF91446A2484B65300C5B746 /* selectSizeDataManager.swift */; };
		FF9144712484C69200C5B746 /* basketDataManager.swift in Sources */ = {isa = PBXBuildFile; fileRef = FF9144702484C69200C5B746 /* basketDataManager.swift */; };
		FF9144742484C6D400C5B746 /* basketResponse.swift in Sources */ = {isa = PBXBuildFile; fileRef = FF9144732484C6D400C5B746 /* basketResponse.swift */; };
		FF9144792484D56F00C5B746 /* GMStepper.swift in Sources */ = {isa = PBXBuildFile; fileRef = FF9144782484D56E00C5B746 /* GMStepper.swift */; };
		FF91447D2484F39F00C5B746 /* mallViewController.swift in Sources */ = {isa = PBXBuildFile; fileRef = FF91447B2484F39F00C5B746 /* mallViewController.swift */; };
		FF91447E2484F39F00C5B746 /* mallViewController.xib in Resources */ = {isa = PBXBuildFile; fileRef = FF91447C2484F39F00C5B746 /* mallViewController.xib */; };
		FF91448F248561DB00C5B746 /* rankViewController.swift in Sources */ = {isa = PBXBuildFile; fileRef = FF91448D248561DB00C5B746 /* rankViewController.swift */; };
		FF914490248561DB00C5B746 /* rankViewController.xib in Resources */ = {isa = PBXBuildFile; fileRef = FF91448E248561DB00C5B746 /* rankViewController.xib */; };
		FF914493248561F000C5B746 /* bookmarkViewController.swift in Sources */ = {isa = PBXBuildFile; fileRef = FF914491248561F000C5B746 /* bookmarkViewController.swift */; };
		FF914494248561F000C5B746 /* bookmarkViewController.xib in Resources */ = {isa = PBXBuildFile; fileRef = FF914492248561F000C5B746 /* bookmarkViewController.xib */; };
		FF9144972485739800C5B746 /* TableViewCell.swift in Sources */ = {isa = PBXBuildFile; fileRef = FF9144952485739800C5B746 /* TableViewCell.swift */; };
		FF9144982485739800C5B746 /* TableViewCell.xib in Resources */ = {isa = PBXBuildFile; fileRef = FF9144962485739800C5B746 /* TableViewCell.xib */; };
		FF91449C2485755300C5B746 /* rankDataManager.swift in Sources */ = {isa = PBXBuildFile; fileRef = FF91449B2485755300C5B746 /* rankDataManager.swift */; };
		FF91449E2485756000C5B746 /* rankResponse.swift in Sources */ = {isa = PBXBuildFile; fileRef = FF91449D2485756000C5B746 /* rankResponse.swift */; };
		FF9144A224858F9F00C5B746 /* detailMallViewController.swift in Sources */ = {isa = PBXBuildFile; fileRef = FF9144A024858F9F00C5B746 /* detailMallViewController.swift */; };
		FF9144A324858F9F00C5B746 /* detailMallViewController.xib in Resources */ = {isa = PBXBuildFile; fileRef = FF9144A124858F9F00C5B746 /* detailMallViewController.xib */; };
		FF91FFDD24878191002C2900 /* bestViewController.swift in Sources */ = {isa = PBXBuildFile; fileRef = FF91FFDB24878191002C2900 /* bestViewController.swift */; };
		FF91FFDE24878191002C2900 /* bestViewController.xib in Resources */ = {isa = PBXBuildFile; fileRef = FF91FFDC24878191002C2900 /* bestViewController.xib */; };
		FF91FFE424879D85002C2900 /* newViewController.swift in Sources */ = {isa = PBXBuildFile; fileRef = FF91FFE224879D85002C2900 /* newViewController.swift */; };
		FF91FFE524879D85002C2900 /* newViewController.xib in Resources */ = {isa = PBXBuildFile; fileRef = FF91FFE324879D85002C2900 /* newViewController.xib */; };
		FF91FFEB2487B7E2002C2900 /* heartViewController.swift in Sources */ = {isa = PBXBuildFile; fileRef = FF91FFE92487B7E2002C2900 /* heartViewController.swift */; };
		FF91FFEC2487B7E2002C2900 /* heartViewController.xib in Resources */ = {isa = PBXBuildFile; fileRef = FF91FFEA2487B7E2002C2900 /* heartViewController.xib */; };
		FFB158242487CF82005D254C /* heartCountDataManager.swift in Sources */ = {isa = PBXBuildFile; fileRef = FFB158232487CF82005D254C /* heartCountDataManager.swift */; };
		FFB158262487D0D3005D254C /* heartResponse.swift in Sources */ = {isa = PBXBuildFile; fileRef = FFB158252487D0D3005D254C /* heartResponse.swift */; };
		FFB158282487D4E3005D254C /* heartDataManager.swift in Sources */ = {isa = PBXBuildFile; fileRef = FFB158272487D4E3005D254C /* heartDataManager.swift */; };
		FFB1582D2487DBD4005D254C /* heartCollectionViewCell.swift in Sources */ = {isa = PBXBuildFile; fileRef = FFB1582B2487DBD4005D254C /* heartCollectionViewCell.swift */; };
		FFB1582E2487DBD4005D254C /* heartCollectionViewCell.xib in Resources */ = {isa = PBXBuildFile; fileRef = FFB1582C2487DBD4005D254C /* heartCollectionViewCell.xib */; };
		FFDBBF412485DC4B00844D44 /* mallDetailResponse.swift in Sources */ = {isa = PBXBuildFile; fileRef = FFDBBF402485DC4B00844D44 /* mallDetailResponse.swift */; };
		FFDBBF442485DC9800844D44 /* mallDetailDataManager.swift in Sources */ = {isa = PBXBuildFile; fileRef = FFDBBF432485DC9800844D44 /* mallDetailDataManager.swift */; };
		FFDBBF462485E7F400844D44 /* mallItemDataManager.swift in Sources */ = {isa = PBXBuildFile; fileRef = FFDBBF452485E7F400844D44 /* mallItemDataManager.swift */; };
/* End PBXBuildFile section */

/* Begin PBXFileReference section */
		2E35181820762A8F129B224F /* Pods-ios.debug.xcconfig */ = {isa = PBXFileReference; includeInIndex = 1; lastKnownFileType = text.xcconfig; name = "Pods-ios.debug.xcconfig"; path = "Target Support Files/Pods-ios/Pods-ios.debug.xcconfig"; sourceTree = "<group>"; };
		52D603F7CA16A476BC383A78 /* Pods-ios.release.xcconfig */ = {isa = PBXFileReference; includeInIndex = 1; lastKnownFileType = text.xcconfig; name = "Pods-ios.release.xcconfig"; path = "Target Support Files/Pods-ios/Pods-ios.release.xcconfig"; sourceTree = "<group>"; };
		BD75ABD72301B5F600E0FC7A /* NoticePopUp.swift */ = {isa = PBXFileReference; lastKnownFileType = sourcecode.swift; path = NoticePopUp.swift; sourceTree = "<group>"; };
		BD75ABD92301B73400E0FC7A /* NoticePopUpDelegate.swift */ = {isa = PBXFileReference; lastKnownFileType = sourcecode.swift; path = NoticePopUpDelegate.swift; sourceTree = "<group>"; };
		BD75ABDB2301B7B500E0FC7A /* NoticePopUp.storyboard */ = {isa = PBXFileReference; lastKnownFileType = file.storyboard; path = NoticePopUp.storyboard; sourceTree = "<group>"; };
		BD75ABDD2301BCE600E0FC7A /* MainDataManager.swift */ = {isa = PBXFileReference; lastKnownFileType = sourcecode.swift; path = MainDataManager.swift; sourceTree = "<group>"; };
		BD75ABDF2301BE8200E0FC7A /* TutorialResponse.swift */ = {isa = PBXFileReference; lastKnownFileType = sourcecode.swift; path = TutorialResponse.swift; sourceTree = "<group>"; };
		BD9BF17222F9C3D5009E47EB /* BaseViewController.swift */ = {isa = PBXFileReference; lastKnownFileType = sourcecode.swift; path = BaseViewController.swift; sourceTree = "<group>"; };
		BD9BF17422F9C494009E47EB /* CusomIndicatorView.swift */ = {isa = PBXFileReference; lastKnownFileType = sourcecode.swift; path = CusomIndicatorView.swift; sourceTree = "<group>"; };
		BD9BF17722F9C6CF009E47EB /* UIColor.swift */ = {isa = PBXFileReference; lastKnownFileType = sourcecode.swift; path = UIColor.swift; sourceTree = "<group>"; };
		BD9BF17922F9C6FF009E47EB /* UIButton.swift */ = {isa = PBXFileReference; lastKnownFileType = sourcecode.swift; path = UIButton.swift; sourceTree = "<group>"; };
		BD9BF17B22F9C737009E47EB /* UIViewController.swift */ = {isa = PBXFileReference; lastKnownFileType = sourcecode.swift; path = UIViewController.swift; sourceTree = "<group>"; };
		BD9BF17D22F9CD60009E47EB /* ColorPalette.swift */ = {isa = PBXFileReference; lastKnownFileType = sourcecode.swift; path = ColorPalette.swift; sourceTree = "<group>"; };
		BD9BF17F22F9CDEF009E47EB /* String.swift */ = {isa = PBXFileReference; lastKnownFileType = sourcecode.swift; path = String.swift; sourceTree = "<group>"; };
		BD9BF18122F9D1A4009E47EB /* loginViewController.swift */ = {isa = PBXFileReference; lastKnownFileType = sourcecode.swift; path = loginViewController.swift; sourceTree = "<group>"; };
		BD9BF18222F9D1A4009E47EB /* loginViewController.xib */ = {isa = PBXFileReference; lastKnownFileType = file.xib; path = loginViewController.xib; sourceTree = "<group>"; };
		BD9BF18522F9DCC7009E47EB /* MainViewController.swift */ = {isa = PBXFileReference; lastKnownFileType = sourcecode.swift; path = MainViewController.swift; sourceTree = "<group>"; };
		BD9BF18622F9DCC7009E47EB /* MainViewController.xib */ = {isa = PBXFileReference; lastKnownFileType = file.xib; path = MainViewController.xib; sourceTree = "<group>"; };
		BDEF322B22F9B7CB00FEF8BD /* ios.app */ = {isa = PBXFileReference; explicitFileType = wrapper.application; includeInIndex = 0; path = ios.app; sourceTree = BUILT_PRODUCTS_DIR; };
		BDEF322E22F9B7CB00FEF8BD /* AppDelegate.swift */ = {isa = PBXFileReference; lastKnownFileType = sourcecode.swift; path = AppDelegate.swift; sourceTree = "<group>"; };
		BDEF323622F9B7CB00FEF8BD /* ios.xcdatamodel */ = {isa = PBXFileReference; lastKnownFileType = wrapper.xcdatamodel; path = ios.xcdatamodel; sourceTree = "<group>"; };
		BDEF323822F9B7CB00FEF8BD /* Assets.xcassets */ = {isa = PBXFileReference; lastKnownFileType = folder.assetcatalog; path = Assets.xcassets; sourceTree = "<group>"; };
		BDEF323B22F9B7CB00FEF8BD /* Base */ = {isa = PBXFileReference; lastKnownFileType = file.storyboard; name = Base; path = Base.lproj/LaunchScreen.storyboard; sourceTree = "<group>"; };
		BDEF323D22F9B7CB00FEF8BD /* Info.plist */ = {isa = PBXFileReference; lastKnownFileType = text.plist.xml; path = Info.plist; sourceTree = "<group>"; };
		EBFC1B75E2DF73CFA0D0DAA7 /* Pods_ios.framework */ = {isa = PBXFileReference; explicitFileType = wrapper.framework; includeInIndex = 0; path = Pods_ios.framework; sourceTree = BUILT_PRODUCTS_DIR; };
		FF88822E248627D700434F6E /* ViewController.swift */ = {isa = PBXFileReference; lastKnownFileType = sourcecode.swift; path = ViewController.swift; sourceTree = "<group>"; };
		FF88823124862A3E00434F6E /* barButtons.swift */ = {isa = PBXFileReference; lastKnownFileType = sourcecode.swift; path = barButtons.swift; sourceTree = "<group>"; };
		FF8882342486317700434F6E /* collectViewController.swift */ = {isa = PBXFileReference; lastKnownFileType = sourcecode.swift; path = collectViewController.swift; sourceTree = "<group>"; };
		FF8882352486317700434F6E /* collectViewController.xib */ = {isa = PBXFileReference; lastKnownFileType = file.xib; path = collectViewController.xib; sourceTree = "<group>"; };
		FF88823824863AB100434F6E /* adTableViewCell.swift */ = {isa = PBXFileReference; lastKnownFileType = sourcecode.swift; path = adTableViewCell.swift; sourceTree = "<group>"; };
		FF88823924863AB100434F6E /* adTableViewCell.xib */ = {isa = PBXFileReference; lastKnownFileType = file.xib; path = adTableViewCell.xib; sourceTree = "<group>"; };
		FF88823C24863E3B00434F6E /* TabBarButtons.swift */ = {isa = PBXFileReference; lastKnownFileType = sourcecode.swift; path = TabBarButtons.swift; sourceTree = "<group>"; };
		FF8882452486447700434F6E /* categoryResponse.swift */ = {isa = PBXFileReference; lastKnownFileType = sourcecode.swift; path = categoryResponse.swift; sourceTree = "<group>"; };
		FF8882472486448900434F6E /* categoryDataManager.swift */ = {isa = PBXFileReference; lastKnownFileType = sourcecode.swift; path = categoryDataManager.swift; sourceTree = "<group>"; };
		FF88824B248648C300434F6E /* categoryViewController.swift */ = {isa = PBXFileReference; lastKnownFileType = sourcecode.swift; path = categoryViewController.swift; sourceTree = "<group>"; };
		FF88824C248648C300434F6E /* categoryViewController.xib */ = {isa = PBXFileReference; lastKnownFileType = file.xib; path = categoryViewController.xib; sourceTree = "<group>"; };
		FF889CAF248292A400CD72A6 /* detailHeartResponse.swift */ = {isa = PBXFileReference; lastKnownFileType = sourcecode.swift; path = detailHeartResponse.swift; sourceTree = "<group>"; };
		FF889CB12482934700CD72A6 /* detailHeartDataManager.swift */ = {isa = PBXFileReference; lastKnownFileType = sourcecode.swift; path = detailHeartDataManager.swift; sourceTree = "<group>"; };
		FF889CB324829EFD00CD72A6 /* mainHeartDataManager.swift */ = {isa = PBXFileReference; lastKnownFileType = sourcecode.swift; path = mainHeartDataManager.swift; sourceTree = "<group>"; };
		FF8AE8542480C1EA003BC692 /* registerRespnse.swift */ = {isa = PBXFileReference; lastKnownFileType = sourcecode.swift; path = registerRespnse.swift; sourceTree = "<group>"; };
		FF8AE8562480C1FD003BC692 /* registerDataManager.swift */ = {isa = PBXFileReference; lastKnownFileType = sourcecode.swift; path = registerDataManager.swift; sourceTree = "<group>"; };
		FF8AE85A2480F510003BC692 /* detailViewController.swift */ = {isa = PBXFileReference; lastKnownFileType = sourcecode.swift; path = detailViewController.swift; sourceTree = "<group>"; };
		FF8AE85B2480F510003BC692 /* detailViewController.xib */ = {isa = PBXFileReference; lastKnownFileType = file.xib; path = detailViewController.xib; sourceTree = "<group>"; };
		FF8AE8602480FD5E003BC692 /* detailDataManager.swift */ = {isa = PBXFileReference; lastKnownFileType = sourcecode.swift; path = detailDataManager.swift; sourceTree = "<group>"; };
		FF8AE8622480FD89003BC692 /* detailResponse.swift */ = {isa = PBXFileReference; lastKnownFileType = sourcecode.swift; path = detailResponse.swift; sourceTree = "<group>"; };
		FF8B7DB82483F88C00DE1B5B /* selectPopUp.swift */ = {isa = PBXFileReference; lastKnownFileType = sourcecode.swift; path = selectPopUp.swift; sourceTree = "<group>"; };
		FF8B7DBA2483F8A100DE1B5B /* selectPopUpDelegate.swift */ = {isa = PBXFileReference; lastKnownFileType = sourcecode.swift; path = selectPopUpDelegate.swift; sourceTree = "<group>"; };
		FF8B7DBC2483F8B200DE1B5B /* selectPopUp.storyboard */ = {isa = PBXFileReference; lastKnownFileType = file.storyboard; path = selectPopUp.storyboard; sourceTree = "<group>"; };
		FF8BBA0E2486771B009FF206 /* mainTabViewController.swift */ = {isa = PBXFileReference; lastKnownFileType = sourcecode.swift; path = mainTabViewController.swift; sourceTree = "<group>"; };
		FF8BBA0F2486771B009FF206 /* mainTabViewController.xib */ = {isa = PBXFileReference; lastKnownFileType = file.xib; path = mainTabViewController.xib; sourceTree = "<group>"; };
		FF8D7C7A247F85FB00A3E7C4 /* itemCollectionViewCell.swift */ = {isa = PBXFileReference; lastKnownFileType = sourcecode.swift; name = itemCollectionViewCell.swift; path = ios/config/itemCollectionViewCell.swift; sourceTree = SOURCE_ROOT; };
		FF8D7C7B247F85FB00A3E7C4 /* itemCollectionViewCell.xib */ = {isa = PBXFileReference; lastKnownFileType = file.xib; name = itemCollectionViewCell.xib; path = ios/config/itemCollectionViewCell.xib; sourceTree = SOURCE_ROOT; };
		FF8D7C7F247FE64C00A3E7C4 /* tabBarConntroller.swift */ = {isa = PBXFileReference; lastKnownFileType = sourcecode.swift; path = tabBarConntroller.swift; sourceTree = "<group>"; };
		FF8D7C80247FE64C00A3E7C4 /* tabBarConntroller.xib */ = {isa = PBXFileReference; lastKnownFileType = file.xib; path = tabBarConntroller.xib; sourceTree = "<group>"; };
		FF8D7C8324800A2400A3E7C4 /* floaTextField.swift */ = {isa = PBXFileReference; lastKnownFileType = sourcecode.swift; path = floaTextField.swift; sourceTree = "<group>"; };
		FF8D7C8724800F4E00A3E7C4 /* loginDataManager.swift */ = {isa = PBXFileReference; lastKnownFileType = sourcecode.swift; path = loginDataManager.swift; sourceTree = "<group>"; };
		FF8D7C892480123200A3E7C4 /* UserResponse.swift */ = {isa = PBXFileReference; lastKnownFileType = sourcecode.swift; path = UserResponse.swift; sourceTree = "<group>"; };
		FF8D7C8C24802CC300A3E7C4 /* registerViewController.swift */ = {isa = PBXFileReference; lastKnownFileType = sourcecode.swift; path = registerViewController.swift; sourceTree = "<group>"; };
		FF8D7C8D24802CC300A3E7C4 /* registerViewController.xib */ = {isa = PBXFileReference; lastKnownFileType = file.xib; path = registerViewController.xib; sourceTree = "<group>"; };
		FF90A0CD2488C0BA0005FE17 /* myPageViewController.swift */ = {isa = PBXFileReference; lastKnownFileType = sourcecode.swift; path = myPageViewController.swift; sourceTree = "<group>"; };
		FF90A0CE2488C0BA0005FE17 /* myPageViewController.xib */ = {isa = PBXFileReference; lastKnownFileType = file.xib; path = myPageViewController.xib; sourceTree = "<group>"; };
		FF90A0D22488E26E0005FE17 /* basketViewController.swift */ = {isa = PBXFileReference; lastKnownFileType = sourcecode.swift; path = basketViewController.swift; sourceTree = "<group>"; };
		FF90A0D32488E26E0005FE17 /* basketViewController.xib */ = {isa = PBXFileReference; lastKnownFileType = file.xib; path = basketViewController.xib; sourceTree = "<group>"; };
		FF90A0D82488F1040005FE17 /* basketListResponse.swift */ = {isa = PBXFileReference; lastKnownFileType = sourcecode.swift; path = basketListResponse.swift; sourceTree = "<group>"; };
		FF90A0DB2488F3F40005FE17 /* basketListDataManager.swift */ = {isa = PBXFileReference; lastKnownFileType = sourcecode.swift; path = basketListDataManager.swift; sourceTree = "<group>"; };
		FF90A0DD2488FC9B0005FE17 /* basketItemTableViewCell.swift */ = {isa = PBXFileReference; lastKnownFileType = sourcecode.swift; path = basketItemTableViewCell.swift; sourceTree = "<group>"; };
		FF90A0DE2488FC9B0005FE17 /* basketItemTableViewCell.xib */ = {isa = PBXFileReference; lastKnownFileType = file.xib; path = basketItemTableViewCell.xib; sourceTree = "<group>"; };
		FF9144532484A30500C5B746 /* selectColorPopUp.swift */ = {isa = PBXFileReference; lastKnownFileType = sourcecode.swift; path = selectColorPopUp.swift; sourceTree = "<group>"; };
		FF9144572484A5BA00C5B746 /* selectColorPopUp.storyboard */ = {isa = PBXFileReference; lastKnownFileType = file.storyboard; path = selectColorPopUp.storyboard; sourceTree = "<group>"; };
		FF9144592484A79500C5B746 /* selectColorPopUpDelegate.swift */ = {isa = PBXFileReference; lastKnownFileType = sourcecode.swift; path = selectColorPopUpDelegate.swift; sourceTree = "<group>"; };
		FF91445B2484A8C000C5B746 /* selectSizePopUp.swift */ = {isa = PBXFileReference; lastKnownFileType = sourcecode.swift; path = selectSizePopUp.swift; sourceTree = "<group>"; };
		FF91445F2484A8D500C5B746 /* selectSizePopUp.storyboard */ = {isa = PBXFileReference; lastKnownFileType = file.storyboard; path = selectSizePopUp.storyboard; sourceTree = "<group>"; };
		FF9144612484A97900C5B746 /* selectSizePopUpDelegate.swift */ = {isa = PBXFileReference; lastKnownFileType = sourcecode.swift; path = selectSizePopUpDelegate.swift; sourceTree = "<group>"; };
		FF9144642484AFC600C5B746 /* selectColotDataManager.swift */ = {isa = PBXFileReference; lastKnownFileType = sourcecode.swift; path = selectColotDataManager.swift; sourceTree = "<group>"; };
		FF9144672484AFEB00C5B746 /* selectColorResponse.swift */ = {isa = PBXFileReference; lastKnownFileType = sourcecode.swift; path = selectColorResponse.swift; sourceTree = "<group>"; };
		FF91446A2484B65300C5B746 /* selectSizeDataManager.swift */ = {isa = PBXFileReference; lastKnownFileType = sourcecode.swift; path = selectSizeDataManager.swift; sourceTree = "<group>"; };
		FF9144702484C69200C5B746 /* basketDataManager.swift */ = {isa = PBXFileReference; lastKnownFileType = sourcecode.swift; path = basketDataManager.swift; sourceTree = "<group>"; };
		FF9144732484C6D400C5B746 /* basketResponse.swift */ = {isa = PBXFileReference; lastKnownFileType = sourcecode.swift; path = basketResponse.swift; sourceTree = "<group>"; };
		FF9144782484D56E00C5B746 /* GMStepper.swift */ = {isa = PBXFileReference; lastKnownFileType = sourcecode.swift; name = GMStepper.swift; path = ../../Pods/GMStepper/GMStepper/GMStepper.swift; sourceTree = "<group>"; };
		FF91447B2484F39F00C5B746 /* mallViewController.swift */ = {isa = PBXFileReference; lastKnownFileType = sourcecode.swift; path = mallViewController.swift; sourceTree = "<group>"; };
		FF91447C2484F39F00C5B746 /* mallViewController.xib */ = {isa = PBXFileReference; lastKnownFileType = file.xib; path = mallViewController.xib; sourceTree = "<group>"; };
		FF91448D248561DB00C5B746 /* rankViewController.swift */ = {isa = PBXFileReference; lastKnownFileType = sourcecode.swift; path = rankViewController.swift; sourceTree = "<group>"; };
		FF91448E248561DB00C5B746 /* rankViewController.xib */ = {isa = PBXFileReference; lastKnownFileType = file.xib; path = rankViewController.xib; sourceTree = "<group>"; };
		FF914491248561F000C5B746 /* bookmarkViewController.swift */ = {isa = PBXFileReference; lastKnownFileType = sourcecode.swift; path = bookmarkViewController.swift; sourceTree = "<group>"; };
		FF914492248561F000C5B746 /* bookmarkViewController.xib */ = {isa = PBXFileReference; lastKnownFileType = file.xib; path = bookmarkViewController.xib; sourceTree = "<group>"; };
		FF9144952485739800C5B746 /* TableViewCell.swift */ = {isa = PBXFileReference; lastKnownFileType = sourcecode.swift; path = TableViewCell.swift; sourceTree = "<group>"; };
		FF9144962485739800C5B746 /* TableViewCell.xib */ = {isa = PBXFileReference; lastKnownFileType = file.xib; path = TableViewCell.xib; sourceTree = "<group>"; };
		FF91449B2485755300C5B746 /* rankDataManager.swift */ = {isa = PBXFileReference; lastKnownFileType = sourcecode.swift; path = rankDataManager.swift; sourceTree = "<group>"; };
		FF91449D2485756000C5B746 /* rankResponse.swift */ = {isa = PBXFileReference; lastKnownFileType = sourcecode.swift; path = rankResponse.swift; sourceTree = "<group>"; };
		FF9144A024858F9F00C5B746 /* detailMallViewController.swift */ = {isa = PBXFileReference; lastKnownFileType = sourcecode.swift; path = detailMallViewController.swift; sourceTree = "<group>"; };
		FF9144A124858F9F00C5B746 /* detailMallViewController.xib */ = {isa = PBXFileReference; lastKnownFileType = file.xib; path = detailMallViewController.xib; sourceTree = "<group>"; };
		FF91FFDB24878191002C2900 /* bestViewController.swift */ = {isa = PBXFileReference; lastKnownFileType = sourcecode.swift; path = bestViewController.swift; sourceTree = "<group>"; };
		FF91FFDC24878191002C2900 /* bestViewController.xib */ = {isa = PBXFileReference; lastKnownFileType = file.xib; path = bestViewController.xib; sourceTree = "<group>"; };
		FF91FFE224879D85002C2900 /* newViewController.swift */ = {isa = PBXFileReference; lastKnownFileType = sourcecode.swift; path = newViewController.swift; sourceTree = "<group>"; };
		FF91FFE324879D85002C2900 /* newViewController.xib */ = {isa = PBXFileReference; lastKnownFileType = file.xib; path = newViewController.xib; sourceTree = "<group>"; };
		FF91FFE92487B7E2002C2900 /* heartViewController.swift */ = {isa = PBXFileReference; lastKnownFileType = sourcecode.swift; path = heartViewController.swift; sourceTree = "<group>"; };
		FF91FFEA2487B7E2002C2900 /* heartViewController.xib */ = {isa = PBXFileReference; lastKnownFileType = file.xib; path = heartViewController.xib; sourceTree = "<group>"; };
		FFB158232487CF82005D254C /* heartCountDataManager.swift */ = {isa = PBXFileReference; lastKnownFileType = sourcecode.swift; path = heartCountDataManager.swift; sourceTree = "<group>"; };
		FFB158252487D0D3005D254C /* heartResponse.swift */ = {isa = PBXFileReference; lastKnownFileType = sourcecode.swift; path = heartResponse.swift; sourceTree = "<group>"; };
		FFB158272487D4E3005D254C /* heartDataManager.swift */ = {isa = PBXFileReference; lastKnownFileType = sourcecode.swift; path = heartDataManager.swift; sourceTree = "<group>"; };
		FFB1582B2487DBD4005D254C /* heartCollectionViewCell.swift */ = {isa = PBXFileReference; lastKnownFileType = sourcecode.swift; path = heartCollectionViewCell.swift; sourceTree = "<group>"; };
		FFB1582C2487DBD4005D254C /* heartCollectionViewCell.xib */ = {isa = PBXFileReference; lastKnownFileType = file.xib; path = heartCollectionViewCell.xib; sourceTree = "<group>"; };
		FFDBBF402485DC4B00844D44 /* mallDetailResponse.swift */ = {isa = PBXFileReference; lastKnownFileType = sourcecode.swift; path = mallDetailResponse.swift; sourceTree = "<group>"; };
		FFDBBF432485DC9800844D44 /* mallDetailDataManager.swift */ = {isa = PBXFileReference; lastKnownFileType = sourcecode.swift; path = mallDetailDataManager.swift; sourceTree = "<group>"; };
		FFDBBF452485E7F400844D44 /* mallItemDataManager.swift */ = {isa = PBXFileReference; lastKnownFileType = sourcecode.swift; path = mallItemDataManager.swift; sourceTree = "<group>"; };
/* End PBXFileReference section */

/* Begin PBXFrameworksBuildPhase section */
		BDEF322822F9B7CB00FEF8BD /* Frameworks */ = {
			isa = PBXFrameworksBuildPhase;
			buildActionMask = 2147483647;
			files = (
				B20BCCDCCFABC3C6C34C0C8C /* Pods_ios.framework in Frameworks */,
			);
			runOnlyForDeploymentPostprocessing = 0;
		};
/* End PBXFrameworksBuildPhase section */

/* Begin PBXGroup section */
		1E6F8D1136275E5E1F4E8B48 /* Pods */ = {
			isa = PBXGroup;
			children = (
				2E35181820762A8F129B224F /* Pods-ios.debug.xcconfig */,
				52D603F7CA16A476BC383A78 /* Pods-ios.release.xcconfig */,
			);
			path = Pods;
			sourceTree = "<group>";
		};
		65FEEA6DFCA88A73CB3FDD12 /* Frameworks */ = {
			isa = PBXGroup;
			children = (
				EBFC1B75E2DF73CFA0D0DAA7 /* Pods_ios.framework */,
			);
			name = Frameworks;
			sourceTree = "<group>";
		};
		BD75ABD42301B3FB00E0FC7A /* PopUp */ = {
			isa = PBXGroup;
			children = (
				BD75ABD72301B5F600E0FC7A /* NoticePopUp.swift */,
				BD75ABD92301B73400E0FC7A /* NoticePopUpDelegate.swift */,
				BD75ABDB2301B7B500E0FC7A /* NoticePopUp.storyboard */,
			);
			path = PopUp;
			sourceTree = "<group>";
		};
		BD75ABD52301B40B00E0FC7A /* DataManager */ = {
			isa = PBXGroup;
			children = (
				BD75ABDD2301BCE600E0FC7A /* MainDataManager.swift */,
				FF889CB324829EFD00CD72A6 /* mainHeartDataManager.swift */,
			);
			path = DataManager;
			sourceTree = "<group>";
		};
		BD75ABD62301B42900E0FC7A /* Entity */ = {
			isa = PBXGroup;
			children = (
				BD75ABDF2301BE8200E0FC7A /* TutorialResponse.swift */,
			);
			path = Entity;
			sourceTree = "<group>";
		};
		BD9BF16F22F9C314009E47EB /* Main */ = {
			isa = PBXGroup;
			children = (
				FF8BBA0D248676FB009FF206 /* new */,
				FF8BBA0C248676EF009FF206 /* best */,
				FF8BBA0B248676C4009FF206 /* home */,
				FF88823024862A2E00434F6E /* BarButtons */,
				FF8BBA0E2486771B009FF206 /* mainTabViewController.swift */,
				FF8BBA0F2486771B009FF206 /* mainTabViewController.xib */,
			);
			path = Main;
			sourceTree = "<group>";
		};
		BD9BF17022F9C318009E47EB /* login */ = {
			isa = PBXGroup;
			children = (
				FF8D7C8624800F0C00A3E7C4 /* Entity */,
				FF8D7C8524800EE800A3E7C4 /* DataManager */,
				BD9BF18122F9D1A4009E47EB /* loginViewController.swift */,
				BD9BF18222F9D1A4009E47EB /* loginViewController.xib */,
			);
			path = login;
			sourceTree = "<group>";
		};
		BD9BF17122F9C31D009E47EB /* config */ = {
			isa = PBXGroup;
			children = (
				BD9BF17622F9C6BA009E47EB /* extensions */,
				BD9BF17222F9C3D5009E47EB /* BaseViewController.swift */,
				BD9BF17422F9C494009E47EB /* CusomIndicatorView.swift */,
				BD9BF17D22F9CD60009E47EB /* ColorPalette.swift */,
				FF8D7C7A247F85FB00A3E7C4 /* itemCollectionViewCell.swift */,
				FF8D7C7B247F85FB00A3E7C4 /* itemCollectionViewCell.xib */,
			);
			path = config;
			sourceTree = "<group>";
		};
		BD9BF17622F9C6BA009E47EB /* extensions */ = {
			isa = PBXGroup;
			children = (
				BD9BF17722F9C6CF009E47EB /* UIColor.swift */,
				BD9BF17922F9C6FF009E47EB /* UIButton.swift */,
				BD9BF17B22F9C737009E47EB /* UIViewController.swift */,
				FF91446D2484C61800C5B746 /* DataManager */,
				BD9BF17F22F9CDEF009E47EB /* String.swift */,
				FF8D7C8324800A2400A3E7C4 /* floaTextField.swift */,
			);
			path = extensions;
			sourceTree = "<group>";
		};
		BDEF322222F9B7CA00FEF8BD = {
			isa = PBXGroup;
			children = (
				BDEF322D22F9B7CB00FEF8BD /* ios */,
				BDEF322C22F9B7CB00FEF8BD /* Products */,
				1E6F8D1136275E5E1F4E8B48 /* Pods */,
				65FEEA6DFCA88A73CB3FDD12 /* Frameworks */,
			);
			sourceTree = "<group>";
		};
		BDEF322C22F9B7CB00FEF8BD /* Products */ = {
			isa = PBXGroup;
			children = (
				BDEF322B22F9B7CB00FEF8BD /* ios.app */,
			);
			name = Products;
			sourceTree = "<group>";
		};
		BDEF322D22F9B7CB00FEF8BD /* ios */ = {
			isa = PBXGroup;
			children = (
				FF90A0D12488E2480005FE17 /* basket */,
				FF90A0CC2488C0960005FE17 /* myPage */,
				FF91FFE82487B467002C2900 /* heart */,
				FF8882332486316000434F6E /* collect */,
				FF91447A2484F2F400C5B746 /* mall */,
				BD9BF17122F9C31D009E47EB /* config */,
				FF889CB52482B4BC00CD72A6 /* select */,
				FF8AE8592480F4FC003BC692 /* detail */,
				FF8D7C7E247FE5FF00A3E7C4 /* TabBar */,
				BD9BF16F22F9C314009E47EB /* Main */,
				BDEF322E22F9B7CB00FEF8BD /* AppDelegate.swift */,
				BDEF323822F9B7CB00FEF8BD /* Assets.xcassets */,
				BDEF323A22F9B7CB00FEF8BD /* LaunchScreen.storyboard */,
				BDEF323D22F9B7CB00FEF8BD /* Info.plist */,
				BDEF323522F9B7CB00FEF8BD /* ios.xcdatamodeld */,
			);
			path = ios;
			sourceTree = "<group>";
		};
		FF88822D248627C900434F6E /* BarButton */ = {
			isa = PBXGroup;
			children = (
				FF88822E248627D700434F6E /* ViewController.swift */,
			);
			path = BarButton;
			sourceTree = "<group>";
		};
		FF88823024862A2E00434F6E /* BarButtons */ = {
			isa = PBXGroup;
			children = (
				FF88823124862A3E00434F6E /* barButtons.swift */,
			);
			path = BarButtons;
			sourceTree = "<group>";
		};
		FF8882332486316000434F6E /* collect */ = {
			isa = PBXGroup;
			children = (
				FF88823E2486441000434F6E /* category */,
				FF8882342486317700434F6E /* collectViewController.swift */,
				FF8882352486317700434F6E /* collectViewController.xib */,
				FF88823824863AB100434F6E /* adTableViewCell.swift */,
				FF88823924863AB100434F6E /* adTableViewCell.xib */,
				FF88823C24863E3B00434F6E /* TabBarButtons.swift */,
			);
			path = collect;
			sourceTree = "<group>";
		};
		FF88823E2486441000434F6E /* category */ = {
			isa = PBXGroup;
			children = (
				FF8882442486443400434F6E /* DataManager */,
				FF8882432486442E00434F6E /* Entity */,
				FF88824B248648C300434F6E /* categoryViewController.swift */,
				FF88824C248648C300434F6E /* categoryViewController.xib */,
			);
			path = category;
			sourceTree = "<group>";
		};
		FF8882432486442E00434F6E /* Entity */ = {
			isa = PBXGroup;
			children = (
				FF8882452486447700434F6E /* categoryResponse.swift */,
			);
			path = Entity;
			sourceTree = "<group>";
		};
		FF8882442486443400434F6E /* DataManager */ = {
			isa = PBXGroup;
			children = (
				FF8882472486448900434F6E /* categoryDataManager.swift */,
			);
			path = DataManager;
			sourceTree = "<group>";
		};
		FF889CB52482B4BC00CD72A6 /* select */ = {
			isa = PBXGroup;
			children = (
				FF9144722484C6C700C5B746 /* Entity */,
				FF9144522484A10300C5B746 /* slelectSize */,
				FF9144512484A0FA00C5B746 /* selectColor */,
				FF8B7DB82483F88C00DE1B5B /* selectPopUp.swift */,
				FF8B7DBA2483F8A100DE1B5B /* selectPopUpDelegate.swift */,
				FF8B7DBC2483F8B200DE1B5B /* selectPopUp.storyboard */,
				FF9144782484D56E00C5B746 /* GMStepper.swift */,
			);
			path = select;
			sourceTree = "<group>";
		};
		FF8AE8522480C1BD003BC692 /* Entity */ = {
			isa = PBXGroup;
			children = (
				FF8AE8542480C1EA003BC692 /* registerRespnse.swift */,
			);
			path = Entity;
			sourceTree = "<group>";
		};
		FF8AE8532480C1C5003BC692 /* DataManager */ = {
			isa = PBXGroup;
			children = (
				FF8AE8562480C1FD003BC692 /* registerDataManager.swift */,
			);
			path = DataManager;
			sourceTree = "<group>";
		};
		FF8AE8592480F4FC003BC692 /* detail */ = {
			isa = PBXGroup;
			children = (
				FF8AE85F2480FD41003BC692 /* Entity */,
				FF8AE85E2480FD37003BC692 /* DataManager */,
				FF8AE85A2480F510003BC692 /* detailViewController.swift */,
				FF8AE85B2480F510003BC692 /* detailViewController.xib */,
			);
			path = detail;
			sourceTree = "<group>";
		};
		FF8AE85E2480FD37003BC692 /* DataManager */ = {
			isa = PBXGroup;
			children = (
				FF8AE8602480FD5E003BC692 /* detailDataManager.swift */,
				FF889CB12482934700CD72A6 /* detailHeartDataManager.swift */,
			);
			path = DataManager;
			sourceTree = "<group>";
		};
		FF8AE85F2480FD41003BC692 /* Entity */ = {
			isa = PBXGroup;
			children = (
				FF8AE8622480FD89003BC692 /* detailResponse.swift */,
				FF889CAF248292A400CD72A6 /* detailHeartResponse.swift */,
			);
			path = Entity;
			sourceTree = "<group>";
		};
		FF8BBA0B248676C4009FF206 /* home */ = {
			isa = PBXGroup;
			children = (
				BD75ABD62301B42900E0FC7A /* Entity */,
				BD75ABD52301B40B00E0FC7A /* DataManager */,
				BD75ABD42301B3FB00E0FC7A /* PopUp */,
				BD9BF18522F9DCC7009E47EB /* MainViewController.swift */,
				BD9BF18622F9DCC7009E47EB /* MainViewController.xib */,
			);
			path = home;
			sourceTree = "<group>";
		};
		FF8BBA0C248676EF009FF206 /* best */ = {
			isa = PBXGroup;
			children = (
				FF91FFDB24878191002C2900 /* bestViewController.swift */,
				FF91FFDC24878191002C2900 /* bestViewController.xib */,
			);
			path = best;
			sourceTree = "<group>";
		};
		FF8BBA0D248676FB009FF206 /* new */ = {
			isa = PBXGroup;
			children = (
				FF91FFE224879D85002C2900 /* newViewController.swift */,
				FF91FFE324879D85002C2900 /* newViewController.xib */,
			);
			path = new;
			sourceTree = "<group>";
		};
		FF8D7C7E247FE5FF00A3E7C4 /* TabBar */ = {
			isa = PBXGroup;
			children = (
				FF8D7C7F247FE64C00A3E7C4 /* tabBarConntroller.swift */,
				FF8D7C80247FE64C00A3E7C4 /* tabBarConntroller.xib */,
			);
			path = TabBar;
			sourceTree = "<group>";
		};
		FF8D7C8524800EE800A3E7C4 /* DataManager */ = {
			isa = PBXGroup;
			children = (
				FF8D7C8724800F4E00A3E7C4 /* loginDataManager.swift */,
			);
			path = DataManager;
			sourceTree = "<group>";
		};
		FF8D7C8624800F0C00A3E7C4 /* Entity */ = {
			isa = PBXGroup;
			children = (
				FF8D7C892480123200A3E7C4 /* UserResponse.swift */,
			);
			path = Entity;
			sourceTree = "<group>";
		};
		FF8D7C8B24802CB300A3E7C4 /* register */ = {
			isa = PBXGroup;
			children = (
				FF8AE8532480C1C5003BC692 /* DataManager */,
				FF8AE8522480C1BD003BC692 /* Entity */,
				FF8D7C8C24802CC300A3E7C4 /* registerViewController.swift */,
				FF8D7C8D24802CC300A3E7C4 /* registerViewController.xib */,
			);
			path = register;
			sourceTree = "<group>";
		};
		FF90A0CC2488C0960005FE17 /* myPage */ = {
			isa = PBXGroup;
			children = (
				BD9BF17022F9C318009E47EB /* login */,
				FF8D7C8B24802CB300A3E7C4 /* register */,
				FF90A0CD2488C0BA0005FE17 /* myPageViewController.swift */,
				FF90A0CE2488C0BA0005FE17 /* myPageViewController.xib */,
			);
			path = myPage;
			sourceTree = "<group>";
		};
		FF90A0D12488E2480005FE17 /* basket */ = {
			isa = PBXGroup;
			children = (
				FF90A0DA2488F3CF0005FE17 /* DataManager */,
				FF90A0D72488F0EB0005FE17 /* basketListResponse */,
				FF90A0D22488E26E0005FE17 /* basketViewController.swift */,
				FF90A0D32488E26E0005FE17 /* basketViewController.xib */,
				FF90A0DD2488FC9B0005FE17 /* basketItemTableViewCell.swift */,
				FF90A0DE2488FC9B0005FE17 /* basketItemTableViewCell.xib */,
			);
			path = basket;
			sourceTree = "<group>";
		};
		FF90A0D72488F0EB0005FE17 /* basketListResponse */ = {
			isa = PBXGroup;
			children = (
				FF90A0D82488F1040005FE17 /* basketListResponse.swift */,
			);
			path = basketListResponse;
			sourceTree = "<group>";
		};
		FF90A0DA2488F3CF0005FE17 /* DataManager */ = {
			isa = PBXGroup;
			children = (
				FF90A0DB2488F3F40005FE17 /* basketListDataManager.swift */,
			);
			path = DataManager;
			sourceTree = "<group>";
		};
		FF9144512484A0FA00C5B746 /* selectColor */ = {
			isa = PBXGroup;
			children = (
				FF9144662484AFCB00C5B746 /* Entity */,
				FF9144632484AE5100C5B746 /* DataManager */,
				FF9144532484A30500C5B746 /* selectColorPopUp.swift */,
				FF9144572484A5BA00C5B746 /* selectColorPopUp.storyboard */,
				FF9144592484A79500C5B746 /* selectColorPopUpDelegate.swift */,
			);
			path = selectColor;
			sourceTree = "<group>";
		};
		FF9144522484A10300C5B746 /* slelectSize */ = {
			isa = PBXGroup;
			children = (
				FF9144692484B63400C5B746 /* DataManager */,
				FF91445B2484A8C000C5B746 /* selectSizePopUp.swift */,
				FF91445F2484A8D500C5B746 /* selectSizePopUp.storyboard */,
				FF9144612484A97900C5B746 /* selectSizePopUpDelegate.swift */,
			);
			path = slelectSize;
			sourceTree = "<group>";
		};
		FF9144632484AE5100C5B746 /* DataManager */ = {
			isa = PBXGroup;
			children = (
				FF9144642484AFC600C5B746 /* selectColotDataManager.swift */,
			);
			path = DataManager;
			sourceTree = "<group>";
		};
		FF9144662484AFCB00C5B746 /* Entity */ = {
			isa = PBXGroup;
			children = (
				FF9144672484AFEB00C5B746 /* selectColorResponse.swift */,
			);
			path = Entity;
			sourceTree = "<group>";
		};
		FF9144692484B63400C5B746 /* DataManager */ = {
			isa = PBXGroup;
			children = (
				FF91446A2484B65300C5B746 /* selectSizeDataManager.swift */,
			);
			path = DataManager;
			sourceTree = "<group>";
		};
		FF91446D2484C61800C5B746 /* DataManager */ = {
			isa = PBXGroup;
			children = (
				FF9144702484C69200C5B746 /* basketDataManager.swift */,
			);
			path = DataManager;
			sourceTree = "<group>";
		};
		FF9144722484C6C700C5B746 /* Entity */ = {
			isa = PBXGroup;
			children = (
				FF9144732484C6D400C5B746 /* basketResponse.swift */,
			);
			path = Entity;
			sourceTree = "<group>";
		};
		FF91447A2484F2F400C5B746 /* mall */ = {
			isa = PBXGroup;
			children = (
				FF88822D248627C900434F6E /* BarButton */,
				FF91449F24858F4A00C5B746 /* mallDetail */,
				FF91448024850E0B00C5B746 /* bookmark */,
				FF91447F24850E0500C5B746 /* rank */,
				FF91447B2484F39F00C5B746 /* mallViewController.swift */,
				FF91447C2484F39F00C5B746 /* mallViewController.xib */,
			);
			path = mall;
			sourceTree = "<group>";
		};
		FF91447F24850E0500C5B746 /* rank */ = {
			isa = PBXGroup;
			children = (
				FF91449A2485754000C5B746 /* Entity */,
				FF9144992485753A00C5B746 /* DataManager */,
				FF91448D248561DB00C5B746 /* rankViewController.swift */,
				FF91448E248561DB00C5B746 /* rankViewController.xib */,
				FF9144952485739800C5B746 /* TableViewCell.swift */,
				FF9144962485739800C5B746 /* TableViewCell.xib */,
			);
			path = rank;
			sourceTree = "<group>";
		};
		FF91448024850E0B00C5B746 /* bookmark */ = {
			isa = PBXGroup;
			children = (
				FF914491248561F000C5B746 /* bookmarkViewController.swift */,
				FF914492248561F000C5B746 /* bookmarkViewController.xib */,
			);
			path = bookmark;
			sourceTree = "<group>";
		};
		FF9144992485753A00C5B746 /* DataManager */ = {
			isa = PBXGroup;
			children = (
				FF91449B2485755300C5B746 /* rankDataManager.swift */,
			);
			path = DataManager;
			sourceTree = "<group>";
		};
		FF91449A2485754000C5B746 /* Entity */ = {
			isa = PBXGroup;
			children = (
				FF91449D2485756000C5B746 /* rankResponse.swift */,
			);
			path = Entity;
			sourceTree = "<group>";
		};
		FF91449F24858F4A00C5B746 /* mallDetail */ = {
			isa = PBXGroup;
			children = (
				FFDBBF422485DC5000844D44 /* DataManager */,
				FFDBBF3F2485DC1E00844D44 /* Entity */,
				FF9144A024858F9F00C5B746 /* detailMallViewController.swift */,
				FF9144A124858F9F00C5B746 /* detailMallViewController.xib */,
			);
			path = mallDetail;
			sourceTree = "<group>";
		};
		FF91FFE82487B467002C2900 /* heart */ = {
			isa = PBXGroup;
			children = (
				FF91FFEE2487BB64002C2900 /* DataManager */,
				FF91FFED2487BB5C002C2900 /* Entity */,
				FF91FFE92487B7E2002C2900 /* heartViewController.swift */,
				FF91FFEA2487B7E2002C2900 /* heartViewController.xib */,
				FFB1582B2487DBD4005D254C /* heartCollectionViewCell.swift */,
				FFB1582C2487DBD4005D254C /* heartCollectionViewCell.xib */,
			);
			path = heart;
			sourceTree = "<group>";
		};
		FF91FFED2487BB5C002C2900 /* Entity */ = {
			isa = PBXGroup;
			children = (
				FFB158252487D0D3005D254C /* heartResponse.swift */,
			);
			path = Entity;
			sourceTree = "<group>";
		};
		FF91FFEE2487BB64002C2900 /* DataManager */ = {
			isa = PBXGroup;
			children = (
				FFB158232487CF82005D254C /* heartCountDataManager.swift */,
				FFB158272487D4E3005D254C /* heartDataManager.swift */,
			);
			path = DataManager;
			sourceTree = "<group>";
		};
		FFDBBF3F2485DC1E00844D44 /* Entity */ = {
			isa = PBXGroup;
			children = (
				FFDBBF402485DC4B00844D44 /* mallDetailResponse.swift */,
			);
			path = Entity;
			sourceTree = "<group>";
		};
		FFDBBF422485DC5000844D44 /* DataManager */ = {
			isa = PBXGroup;
			children = (
				FFDBBF432485DC9800844D44 /* mallDetailDataManager.swift */,
				FFDBBF452485E7F400844D44 /* mallItemDataManager.swift */,
			);
			path = DataManager;
			sourceTree = "<group>";
		};
/* End PBXGroup section */

/* Begin PBXNativeTarget section */
		BDEF322A22F9B7CB00FEF8BD /* ios */ = {
			isa = PBXNativeTarget;
			buildConfigurationList = BDEF325622F9B7CC00FEF8BD /* Build configuration list for PBXNativeTarget "ios" */;
			buildPhases = (
				AFD314B6CAB57E49B26EE3F4 /* [CP] Check Pods Manifest.lock */,
				BDEF322722F9B7CB00FEF8BD /* Sources */,
				BDEF322822F9B7CB00FEF8BD /* Frameworks */,
				BDEF322922F9B7CB00FEF8BD /* Resources */,
				76034F453FFDF256884BB6C4 /* [CP] Embed Pods Frameworks */,
			);
			buildRules = (
			);
			dependencies = (
			);
			name = ios;
			packageProductDependencies = (
			);
			productName = ios;
			productReference = BDEF322B22F9B7CB00FEF8BD /* ios.app */;
			productType = "com.apple.product-type.application";
		};
/* End PBXNativeTarget section */

/* Begin PBXProject section */
		BDEF322322F9B7CB00FEF8BD /* Project object */ = {
			isa = PBXProject;
			attributes = {
				LastSwiftUpdateCheck = 1030;
				LastUpgradeCheck = 1030;
				ORGANIZATIONNAME = "Jerry Jung";
				TargetAttributes = {
					BDEF322A22F9B7CB00FEF8BD = {
						CreatedOnToolsVersion = 10.3;
					};
				};
			};
			buildConfigurationList = BDEF322622F9B7CB00FEF8BD /* Build configuration list for PBXProject "ios" */;
			compatibilityVersion = "Xcode 9.3";
			developmentRegion = en;
			hasScannedForEncodings = 0;
			knownRegions = (
				en,
				Base,
			);
			mainGroup = BDEF322222F9B7CA00FEF8BD;
			packageReferences = (
			);
			productRefGroup = BDEF322C22F9B7CB00FEF8BD /* Products */;
			projectDirPath = "";
			projectRoot = "";
			targets = (
				BDEF322A22F9B7CB00FEF8BD /* ios */,
			);
		};
/* End PBXProject section */

/* Begin PBXResourcesBuildPhase section */
		BDEF322922F9B7CB00FEF8BD /* Resources */ = {
			isa = PBXResourcesBuildPhase;
			buildActionMask = 2147483647;
			files = (
				FF91FFDE24878191002C2900 /* bestViewController.xib in Resources */,
				FF9144602484A8D500C5B746 /* selectSizePopUp.storyboard in Resources */,
				FF8AE85D2480F510003BC692 /* detailViewController.xib in Resources */,
				FF8D7C82247FE64C00A3E7C4 /* tabBarConntroller.xib in Resources */,
				BDEF323C22F9B7CB00FEF8BD /* LaunchScreen.storyboard in Resources */,
				FF88824E248648C300434F6E /* categoryViewController.xib in Resources */,
				FF8B7DBD2483F8B200DE1B5B /* selectPopUp.storyboard in Resources */,
				FF9144A324858F9F00C5B746 /* detailMallViewController.xib in Resources */,
				FF9144982485739800C5B746 /* TableViewCell.xib in Resources */,
				FF8BBA112486771B009FF206 /* mainTabViewController.xib in Resources */,
				FF8882372486317700434F6E /* collectViewController.xib in Resources */,
				FF91FFEC2487B7E2002C2900 /* heartViewController.xib in Resources */,
				FF90A0D52488E26E0005FE17 /* basketViewController.xib in Resources */,
				FF8D7C7D247F85FB00A3E7C4 /* itemCollectionViewCell.xib in Resources */,
				BDEF323922F9B7CB00FEF8BD /* Assets.xcassets in Resources */,
				FF9144582484A5BA00C5B746 /* selectColorPopUp.storyboard in Resources */,
				FF88823B24863AB100434F6E /* adTableViewCell.xib in Resources */,
				BD9BF18422F9D1A4009E47EB /* loginViewController.xib in Resources */,
				FF91FFE524879D85002C2900 /* newViewController.xib in Resources */,
				FF914494248561F000C5B746 /* bookmarkViewController.xib in Resources */,
				FF91447E2484F39F00C5B746 /* mallViewController.xib in Resources */,
				FF914490248561DB00C5B746 /* rankViewController.xib in Resources */,
				FF90A0D02488C0BA0005FE17 /* myPageViewController.xib in Resources */,
				BD9BF18822F9DCC7009E47EB /* MainViewController.xib in Resources */,
				FF90A0E02488FC9B0005FE17 /* basketItemTableViewCell.xib in Resources */,
				BD75ABDC2301B7B500E0FC7A /* NoticePopUp.storyboard in Resources */,
				FF8D7C8F24802CC300A3E7C4 /* registerViewController.xib in Resources */,
				FFB1582E2487DBD4005D254C /* heartCollectionViewCell.xib in Resources */,
			);
			runOnlyForDeploymentPostprocessing = 0;
		};
/* End PBXResourcesBuildPhase section */

/* Begin PBXShellScriptBuildPhase section */
		76034F453FFDF256884BB6C4 /* [CP] Embed Pods Frameworks */ = {
			isa = PBXShellScriptBuildPhase;
			buildActionMask = 2147483647;
			files = (
			);
			inputFileListPaths = (
				"${PODS_ROOT}/Target Support Files/Pods-ios/Pods-ios-frameworks-${CONFIGURATION}-input-files.xcfilelist",
			);
			name = "[CP] Embed Pods Frameworks";
			outputFileListPaths = (
				"${PODS_ROOT}/Target Support Files/Pods-ios/Pods-ios-frameworks-${CONFIGURATION}-output-files.xcfilelist",
			);
			runOnlyForDeploymentPostprocessing = 0;
			shellPath = /bin/sh;
			shellScript = "\"${PODS_ROOT}/Target Support Files/Pods-ios/Pods-ios-frameworks.sh\"\n";
			showEnvVarsInLog = 0;
		};
		AFD314B6CAB57E49B26EE3F4 /* [CP] Check Pods Manifest.lock */ = {
			isa = PBXShellScriptBuildPhase;
			buildActionMask = 2147483647;
			files = (
			);
			inputFileListPaths = (
			);
			inputPaths = (
				"${PODS_PODFILE_DIR_PATH}/Podfile.lock",
				"${PODS_ROOT}/Manifest.lock",
			);
			name = "[CP] Check Pods Manifest.lock";
			outputFileListPaths = (
			);
			outputPaths = (
				"$(DERIVED_FILE_DIR)/Pods-ios-checkManifestLockResult.txt",
			);
			runOnlyForDeploymentPostprocessing = 0;
			shellPath = /bin/sh;
			shellScript = "diff \"${PODS_PODFILE_DIR_PATH}/Podfile.lock\" \"${PODS_ROOT}/Manifest.lock\" > /dev/null\nif [ $? != 0 ] ; then\n    # print error to STDERR\n    echo \"error: The sandbox is not in sync with the Podfile.lock. Run 'pod install' or update your CocoaPods installation.\" >&2\n    exit 1\nfi\n# This output is used by Xcode 'outputs' to avoid re-running this script phase.\necho \"SUCCESS\" > \"${SCRIPT_OUTPUT_FILE_0}\"\n";
			showEnvVarsInLog = 0;
		};
/* End PBXShellScriptBuildPhase section */

/* Begin PBXSourcesBuildPhase section */
		BDEF322722F9B7CB00FEF8BD /* Sources */ = {
			isa = PBXSourcesBuildPhase;
			buildActionMask = 2147483647;
			files = (
				BDEF323722F9B7CB00FEF8BD /* ios.xcdatamodeld in Sources */,
				FF88823A24863AB100434F6E /* adTableViewCell.swift in Sources */,
				FF9144A224858F9F00C5B746 /* detailMallViewController.swift in Sources */,
				FF90A0CF2488C0BA0005FE17 /* myPageViewController.swift in Sources */,
				FF8AE8552480C1EA003BC692 /* registerRespnse.swift in Sources */,
				FF91448F248561DB00C5B746 /* rankViewController.swift in Sources */,
				BD9BF18722F9DCC7009E47EB /* MainViewController.swift in Sources */,
				FF889CB22482934700CD72A6 /* detailHeartDataManager.swift in Sources */,
				FF91FFEB2487B7E2002C2900 /* heartViewController.swift in Sources */,
				FFB158242487CF82005D254C /* heartCountDataManager.swift in Sources */,
				FF9144542484A30500C5B746 /* selectColorPopUp.swift in Sources */,
				FF8AE8632480FD89003BC692 /* detailResponse.swift in Sources */,
				BD9BF17822F9C6CF009E47EB /* UIColor.swift in Sources */,
				BD9BF18022F9CDEF009E47EB /* String.swift in Sources */,
				BD9BF17E22F9CD60009E47EB /* ColorPalette.swift in Sources */,
				FF91449E2485756000C5B746 /* rankResponse.swift in Sources */,
				FFDBBF442485DC9800844D44 /* mallDetailDataManager.swift in Sources */,
				BD9BF17322F9C3D5009E47EB /* BaseViewController.swift in Sources */,
				FF91445A2484A79500C5B746 /* selectColorPopUpDelegate.swift in Sources */,
				BD75ABDE2301BCE600E0FC7A /* MainDataManager.swift in Sources */,
				FF8BBA102486771B009FF206 /* mainTabViewController.swift in Sources */,
				FF91449C2485755300C5B746 /* rankDataManager.swift in Sources */,
				FF90A0D92488F1040005FE17 /* basketListResponse.swift in Sources */,
				FF8882482486448900434F6E /* categoryDataManager.swift in Sources */,
				FF8D7C8824800F4E00A3E7C4 /* loginDataManager.swift in Sources */,
				FF9144652484AFC600C5B746 /* selectColotDataManager.swift in Sources */,
				FFDBBF412485DC4B00844D44 /* mallDetailResponse.swift in Sources */,
				FF889CB0248292A400CD72A6 /* detailHeartResponse.swift in Sources */,
				FF889CB424829EFD00CD72A6 /* mainHeartDataManager.swift in Sources */,
				BD75ABDA2301B73400E0FC7A /* NoticePopUpDelegate.swift in Sources */,
				BD9BF17522F9C494009E47EB /* CusomIndicatorView.swift in Sources */,
				BD9BF17A22F9C6FF009E47EB /* UIButton.swift in Sources */,
				FF8B7DB92483F88C00DE1B5B /* selectPopUp.swift in Sources */,
				FF8D7C8A2480123200A3E7C4 /* UserResponse.swift in Sources */,
				FF8D7C81247FE64C00A3E7C4 /* tabBarConntroller.swift in Sources */,
				FF8AE8572480C1FD003BC692 /* registerDataManager.swift in Sources */,
				FF8D7C7C247F85FB00A3E7C4 /* itemCollectionViewCell.swift in Sources */,
				FF8AE8612480FD5E003BC692 /* detailDataManager.swift in Sources */,
				FF8882462486447700434F6E /* categoryResponse.swift in Sources */,
				FF91FFE424879D85002C2900 /* newViewController.swift in Sources */,
				FF8D7C8424800A2400A3E7C4 /* floaTextField.swift in Sources */,
				FF91446B2484B65300C5B746 /* selectSizeDataManager.swift in Sources */,
				FF90A0D42488E26E0005FE17 /* basketViewController.swift in Sources */,
				FF91445C2484A8C000C5B746 /* selectSizePopUp.swift in Sources */,
				FF90A0DF2488FC9B0005FE17 /* basketItemTableViewCell.swift in Sources */,
				FF88822F248627D700434F6E /* ViewController.swift in Sources */,
				FFB1582D2487DBD4005D254C /* heartCollectionViewCell.swift in Sources */,
				FFDBBF462485E7F400844D44 /* mallItemDataManager.swift in Sources */,
				FF9144712484C69200C5B746 /* basketDataManager.swift in Sources */,
				FF9144972485739800C5B746 /* TableViewCell.swift in Sources */,
				FF8B7DBB2483F8A100DE1B5B /* selectPopUpDelegate.swift in Sources */,
				FF88824D248648C300434F6E /* categoryViewController.swift in Sources */,
				BD9BF17C22F9C737009E47EB /* UIViewController.swift in Sources */,
				FF90A0DC2488F3F40005FE17 /* basketListDataManager.swift in Sources */,
				FF91FFDD24878191002C2900 /* bestViewController.swift in Sources */,
				FF914493248561F000C5B746 /* bookmarkViewController.swift in Sources */,
				FF9144792484D56F00C5B746 /* GMStepper.swift in Sources */,
				FF9144622484A97900C5B746 /* selectSizePopUpDelegate.swift in Sources */,
				FFB158282487D4E3005D254C /* heartDataManager.swift in Sources */,
				FF9144742484C6D400C5B746 /* basketResponse.swift in Sources */,
				FF91447D2484F39F00C5B746 /* mallViewController.swift in Sources */,
				FF9144682484AFEB00C5B746 /* selectColorResponse.swift in Sources */,
				BD75ABE02301BE8200E0FC7A /* TutorialResponse.swift in Sources */,
				FF88823224862A3E00434F6E /* barButtons.swift in Sources */,
				FF88823D24863E3B00434F6E /* TabBarButtons.swift in Sources */,
				FFB158262487D0D3005D254C /* heartResponse.swift in Sources */,
				FF8D7C8E24802CC300A3E7C4 /* registerViewController.swift in Sources */,
				BDEF322F22F9B7CB00FEF8BD /* AppDelegate.swift in Sources */,
				BD75ABD82301B5F600E0FC7A /* NoticePopUp.swift in Sources */,
				BD9BF18322F9D1A4009E47EB /* loginViewController.swift in Sources */,
				FF8AE85C2480F510003BC692 /* detailViewController.swift in Sources */,
				FF8882362486317700434F6E /* collectViewController.swift in Sources */,
			);
			runOnlyForDeploymentPostprocessing = 0;
		};
/* End PBXSourcesBuildPhase section */

/* Begin PBXVariantGroup section */
		BDEF323A22F9B7CB00FEF8BD /* LaunchScreen.storyboard */ = {
			isa = PBXVariantGroup;
			children = (
				BDEF323B22F9B7CB00FEF8BD /* Base */,
			);
			name = LaunchScreen.storyboard;
			sourceTree = "<group>";
		};
/* End PBXVariantGroup section */

/* Begin XCBuildConfiguration section */
		BDEF325422F9B7CC00FEF8BD /* Debug */ = {
			isa = XCBuildConfiguration;
			buildSettings = {
				ALWAYS_SEARCH_USER_PATHS = NO;
				CLANG_ANALYZER_NONNULL = YES;
				CLANG_ANALYZER_NUMBER_OBJECT_CONVERSION = YES_AGGRESSIVE;
				CLANG_CXX_LANGUAGE_STANDARD = "gnu++14";
				CLANG_CXX_LIBRARY = "libc++";
				CLANG_ENABLE_MODULES = YES;
				CLANG_ENABLE_OBJC_ARC = YES;
				CLANG_ENABLE_OBJC_WEAK = YES;
				CLANG_WARN_BLOCK_CAPTURE_AUTORELEASING = YES;
				CLANG_WARN_BOOL_CONVERSION = YES;
				CLANG_WARN_COMMA = YES;
				CLANG_WARN_CONSTANT_CONVERSION = YES;
				CLANG_WARN_DEPRECATED_OBJC_IMPLEMENTATIONS = YES;
				CLANG_WARN_DIRECT_OBJC_ISA_USAGE = YES_ERROR;
				CLANG_WARN_DOCUMENTATION_COMMENTS = YES;
				CLANG_WARN_EMPTY_BODY = YES;
				CLANG_WARN_ENUM_CONVERSION = YES;
				CLANG_WARN_INFINITE_RECURSION = YES;
				CLANG_WARN_INT_CONVERSION = YES;
				CLANG_WARN_NON_LITERAL_NULL_CONVERSION = YES;
				CLANG_WARN_OBJC_IMPLICIT_RETAIN_SELF = YES;
				CLANG_WARN_OBJC_LITERAL_CONVERSION = YES;
				CLANG_WARN_OBJC_ROOT_CLASS = YES_ERROR;
				CLANG_WARN_RANGE_LOOP_ANALYSIS = YES;
				CLANG_WARN_STRICT_PROTOTYPES = YES;
				CLANG_WARN_SUSPICIOUS_MOVE = YES;
				CLANG_WARN_UNGUARDED_AVAILABILITY = YES_AGGRESSIVE;
				CLANG_WARN_UNREACHABLE_CODE = YES;
				CLANG_WARN__DUPLICATE_METHOD_MATCH = YES;
				CODE_SIGN_IDENTITY = "iPhone Developer";
				COPY_PHASE_STRIP = NO;
				DEBUG_INFORMATION_FORMAT = dwarf;
				ENABLE_STRICT_OBJC_MSGSEND = YES;
				ENABLE_TESTABILITY = YES;
				GCC_C_LANGUAGE_STANDARD = gnu11;
				GCC_DYNAMIC_NO_PIC = NO;
				GCC_NO_COMMON_BLOCKS = YES;
				GCC_OPTIMIZATION_LEVEL = 0;
				GCC_PREPROCESSOR_DEFINITIONS = (
					"DEBUG=1",
					"$(inherited)",
				);
				GCC_WARN_64_TO_32_BIT_CONVERSION = YES;
				GCC_WARN_ABOUT_RETURN_TYPE = YES_ERROR;
				GCC_WARN_UNDECLARED_SELECTOR = YES;
				GCC_WARN_UNINITIALIZED_AUTOS = YES_AGGRESSIVE;
				GCC_WARN_UNUSED_FUNCTION = YES;
				GCC_WARN_UNUSED_VARIABLE = YES;
				IPHONEOS_DEPLOYMENT_TARGET = 13.0;
				MTL_ENABLE_DEBUG_INFO = INCLUDE_SOURCE;
				MTL_FAST_MATH = YES;
				ONLY_ACTIVE_ARCH = YES;
				SDKROOT = iphoneos;
				SWIFT_ACTIVE_COMPILATION_CONDITIONS = DEBUG;
				SWIFT_OPTIMIZATION_LEVEL = "-Onone";
			};
			name = Debug;
		};
		BDEF325522F9B7CC00FEF8BD /* Release */ = {
			isa = XCBuildConfiguration;
			buildSettings = {
				ALWAYS_SEARCH_USER_PATHS = NO;
				CLANG_ANALYZER_NONNULL = YES;
				CLANG_ANALYZER_NUMBER_OBJECT_CONVERSION = YES_AGGRESSIVE;
				CLANG_CXX_LANGUAGE_STANDARD = "gnu++14";
				CLANG_CXX_LIBRARY = "libc++";
				CLANG_ENABLE_MODULES = YES;
				CLANG_ENABLE_OBJC_ARC = YES;
				CLANG_ENABLE_OBJC_WEAK = YES;
				CLANG_WARN_BLOCK_CAPTURE_AUTORELEASING = YES;
				CLANG_WARN_BOOL_CONVERSION = YES;
				CLANG_WARN_COMMA = YES;
				CLANG_WARN_CONSTANT_CONVERSION = YES;
				CLANG_WARN_DEPRECATED_OBJC_IMPLEMENTATIONS = YES;
				CLANG_WARN_DIRECT_OBJC_ISA_USAGE = YES_ERROR;
				CLANG_WARN_DOCUMENTATION_COMMENTS = YES;
				CLANG_WARN_EMPTY_BODY = YES;
				CLANG_WARN_ENUM_CONVERSION = YES;
				CLANG_WARN_INFINITE_RECURSION = YES;
				CLANG_WARN_INT_CONVERSION = YES;
				CLANG_WARN_NON_LITERAL_NULL_CONVERSION = YES;
				CLANG_WARN_OBJC_IMPLICIT_RETAIN_SELF = YES;
				CLANG_WARN_OBJC_LITERAL_CONVERSION = YES;
				CLANG_WARN_OBJC_ROOT_CLASS = YES_ERROR;
				CLANG_WARN_RANGE_LOOP_ANALYSIS = YES;
				CLANG_WARN_STRICT_PROTOTYPES = YES;
				CLANG_WARN_SUSPICIOUS_MOVE = YES;
				CLANG_WARN_UNGUARDED_AVAILABILITY = YES_AGGRESSIVE;
				CLANG_WARN_UNREACHABLE_CODE = YES;
				CLANG_WARN__DUPLICATE_METHOD_MATCH = YES;
				CODE_SIGN_IDENTITY = "iPhone Developer";
				COPY_PHASE_STRIP = NO;
				DEBUG_INFORMATION_FORMAT = "dwarf-with-dsym";
				ENABLE_NS_ASSERTIONS = NO;
				ENABLE_STRICT_OBJC_MSGSEND = YES;
				GCC_C_LANGUAGE_STANDARD = gnu11;
				GCC_NO_COMMON_BLOCKS = YES;
				GCC_WARN_64_TO_32_BIT_CONVERSION = YES;
				GCC_WARN_ABOUT_RETURN_TYPE = YES_ERROR;
				GCC_WARN_UNDECLARED_SELECTOR = YES;
				GCC_WARN_UNINITIALIZED_AUTOS = YES_AGGRESSIVE;
				GCC_WARN_UNUSED_FUNCTION = YES;
				GCC_WARN_UNUSED_VARIABLE = YES;
				IPHONEOS_DEPLOYMENT_TARGET = 13.0;
				MTL_ENABLE_DEBUG_INFO = NO;
				MTL_FAST_MATH = YES;
				SDKROOT = iphoneos;
				SWIFT_COMPILATION_MODE = wholemodule;
				SWIFT_OPTIMIZATION_LEVEL = "-O";
				VALIDATE_PRODUCT = YES;
			};
			name = Release;
		};
		BDEF325722F9B7CC00FEF8BD /* Debug */ = {
			isa = XCBuildConfiguration;
			baseConfigurationReference = 2E35181820762A8F129B224F /* Pods-ios.debug.xcconfig */;
			buildSettings = {
				ASSETCATALOG_COMPILER_APPICON_NAME = AppIcon;
				CODE_SIGN_STYLE = Automatic;
				DEVELOPMENT_TEAM = 69F5355JYF;
				INFOPLIST_FILE = ios/Info.plist;
				LD_RUNPATH_SEARCH_PATHS = (
					"$(inherited)",
					"@executable_path/Frameworks",
				);
				PRODUCT_BUNDLE_IDENTIFIER = com.softsquared.template.ios;
				PRODUCT_NAME = "$(TARGET_NAME)";
				SWIFT_VERSION = 5.0;
				TARGETED_DEVICE_FAMILY = "1,2";
			};
			name = Debug;
		};
		BDEF325822F9B7CC00FEF8BD /* Release */ = {
			isa = XCBuildConfiguration;
			baseConfigurationReference = 52D603F7CA16A476BC383A78 /* Pods-ios.release.xcconfig */;
			buildSettings = {
				ASSETCATALOG_COMPILER_APPICON_NAME = AppIcon;
				CODE_SIGN_STYLE = Automatic;
				DEVELOPMENT_TEAM = 69F5355JYF;
				INFOPLIST_FILE = ios/Info.plist;
				LD_RUNPATH_SEARCH_PATHS = (
					"$(inherited)",
					"@executable_path/Frameworks",
				);
				PRODUCT_BUNDLE_IDENTIFIER = com.softsquared.template.ios;
				PRODUCT_NAME = "$(TARGET_NAME)";
				SWIFT_VERSION = 5.0;
				TARGETED_DEVICE_FAMILY = "1,2";
			};
			name = Release;
		};
/* End XCBuildConfiguration section */

/* Begin XCConfigurationList section */
		BDEF322622F9B7CB00FEF8BD /* Build configuration list for PBXProject "ios" */ = {
			isa = XCConfigurationList;
			buildConfigurations = (
				BDEF325422F9B7CC00FEF8BD /* Debug */,
				BDEF325522F9B7CC00FEF8BD /* Release */,
			);
			defaultConfigurationIsVisible = 0;
			defaultConfigurationName = Release;
		};
		BDEF325622F9B7CC00FEF8BD /* Build configuration list for PBXNativeTarget "ios" */ = {
			isa = XCConfigurationList;
			buildConfigurations = (
				BDEF325722F9B7CC00FEF8BD /* Debug */,
				BDEF325822F9B7CC00FEF8BD /* Release */,
			);
			defaultConfigurationIsVisible = 0;
			defaultConfigurationName = Release;
		};
/* End XCConfigurationList section */

/* Begin XCVersionGroup section */
		BDEF323522F9B7CB00FEF8BD /* ios.xcdatamodeld */ = {
			isa = XCVersionGroup;
			children = (
				BDEF323622F9B7CB00FEF8BD /* ios.xcdatamodel */,
			);
			currentVersion = BDEF323622F9B7CB00FEF8BD /* ios.xcdatamodel */;
			path = ios.xcdatamodeld;
			sourceTree = "<group>";
			versionGroupType = wrapper.xcdatamodel;
		};
/* End XCVersionGroup section */
	};
	rootObject = BDEF322322F9B7CB00FEF8BD /* Project object */;
}
